// !$*UTF8*$!
{
	archiveVersion = 1;
	classes = {
	};
	objectVersion = 46;
	objects = {
/* Begin PBXBuildFile section */
		0207DA581B56EA530066E2B4 /* Images.xcassets in Resources */ = {isa = PBXBuildFile; fileRef = 0207DA571B56EA530066E2B4 /* Images.xcassets */; };
		1D3623260D0F684500981E51 /* AppDelegate.m in Sources */ = {isa = PBXBuildFile; fileRef = 1D3623250D0F684500981E51 /* AppDelegate.m */; };
		1D60589B0D05DD56006BFB54 /* main.m in Sources */ = {isa = PBXBuildFile; fileRef = 29B97316FDCFA39411CA2CEA /* main.m */; };
		301BF552109A68D80062928A /* libCordova.a in Frameworks */ = {isa = PBXBuildFile; fileRef = 301BF535109A57CC0062928A /* libCordova.a */; };
		302D95F114D2391D003F00A1 /* MainViewController.m in Sources */ = {isa = PBXBuildFile; fileRef = 302D95EF14D2391D003F00A1 /* MainViewController.m */; };
		302D95F214D2391D003F00A1 /* MainViewController.xib in Resources */ = {isa = PBXBuildFile; fileRef = 302D95F014D2391D003F00A1 /* MainViewController.xib */; };
		3047A5121AB8059700498E2A /* build-debug.xcconfig in Resources */ = {isa = PBXBuildFile; fileRef = 3047A50F1AB8059700498E2A /* build-debug.xcconfig */; };
		3047A5131AB8059700498E2A /* build-release.xcconfig in Resources */ = {isa = PBXBuildFile; fileRef = 3047A5101AB8059700498E2A /* build-release.xcconfig */; };
		3047A5141AB8059700498E2A /* build.xcconfig in Resources */ = {isa = PBXBuildFile; fileRef = 3047A5111AB8059700498E2A /* build.xcconfig */; };
		6AFF5BF91D6E424B00AB3073 /* CDVLaunchScreen.storyboard in Resources */ = {isa = PBXBuildFile; fileRef = 6AFF5BF81D6E424B00AB3073 /* CDVLaunchScreen.storyboard */; };
		091FA8A62D4547DA9DE6AEF1 /* CDVDevice.m in Sources */ = {isa = PBXBuildFile; fileRef = 04BE29BD4CEB4CEE93E88E77 /* CDVDevice.m */; };
		9202FD9CA5FA46219F6C3203 /* CDVSplashScreen.m in Sources */ = {isa = PBXBuildFile; fileRef = 22DC532DFF114CC68E49E500 /* CDVSplashScreen.m */; };
		22AFC150EB7A47E4B5CADEB9 /* CDVViewController+SplashScreen.m in Sources */ = {isa = PBXBuildFile; fileRef = DFF442FB389747ACAE7220E3 /* CDVViewController+SplashScreen.m */; };
		2C6365AA34E9426EA42CEBDA /* CDVSplashScreen+IonicDeploy.m in Sources */ = {isa = PBXBuildFile; fileRef = 5D3A5F5E88D847DDA6366A90 /* CDVSplashScreen+IonicDeploy.m */; };
		1E59992F1BA344C1A7E08260 /* IonicConstant.m in Sources */ = {isa = PBXBuildFile; fileRef = 05B661B09F91491AA7F4BF0E /* IonicConstant.m */; };
		89B70B74BAC4441795A9037C /* IonicDeploy.m in Sources */ = {isa = PBXBuildFile; fileRef = 35144AC4533045C79CB07716 /* IonicDeploy.m */; };
		A8D54638C83C452980C241DE /* Download.m in Sources */ = {isa = PBXBuildFile; fileRef = 74108BA82379412F8DC35CED /* Download.m */; };
		FE701B44398D4BF6A84AB7A1 /* DownloadManager.m in Sources */ = {isa = PBXBuildFile; fileRef = AB05F6F5D8264E8C8AC23AB7 /* DownloadManager.m */; };
		A855C5664F954F1FA5EBC082 /* SSZipArchive.m in Sources */ = {isa = PBXBuildFile; fileRef = 893581D442C74EDF99CA8F8B /* SSZipArchive.m */; };
		3BFDBBBCFE4C49F8B2A21215 /* ioapi.c in Resources */ = {isa = PBXBuildFile; fileRef = E3473830D1434FDA95FA74CE /* ioapi.c */; };
		9CEFD74066114B059C4D0F02 /* unzip.c in Resources */ = {isa = PBXBuildFile; fileRef = 7C33AAD8C180483B8ED6EE1D /* unzip.c */; };
		E6BAB9961E0A4F6FA1DF9511 /* zip.c in Resources */ = {isa = PBXBuildFile; fileRef = A7EB6FDC351E4AFAB58EA804 /* zip.c */; };
		A4C2C42599414C35881B98FC /* adler32.c in Resources */ = {isa = PBXBuildFile; fileRef = 9C895E7402914F0CA4121B08 /* adler32.c */; };
		E10EEC940A964BCCBA4C585B /* compress.c in Resources */ = {isa = PBXBuildFile; fileRef = 3571650468F94F4EB0DC6572 /* compress.c */; };
		66E9D73B9E4743F89BC39858 /* crc32.c in Resources */ = {isa = PBXBuildFile; fileRef = E9D6AF2309B54E0AB99E1FFF /* crc32.c */; };
		CEDAC6BB963A4230B29B4007 /* deflate.c in Resources */ = {isa = PBXBuildFile; fileRef = 8FAD60992C3D4CC3A4CCD8FF /* deflate.c */; };
		E61A48A78E664FD08504994D /* gzclose.c in Resources */ = {isa = PBXBuildFile; fileRef = 3A9BAC13C9BC42899E81795B /* gzclose.c */; };
		35E76555DF8B42239AE1C37F /* gzlib.c in Resources */ = {isa = PBXBuildFile; fileRef = 378285B61F734D20877C0750 /* gzlib.c */; };
		FFDAD7E1578A4BEDA07BDFA8 /* gzread.c in Resources */ = {isa = PBXBuildFile; fileRef = 3585D02FFCFE42BDBE77FBF6 /* gzread.c */; };
		F328F3F01E214AAE8AC30B11 /* gzwrite.c in Resources */ = {isa = PBXBuildFile; fileRef = A5ADFCC811C54B43BA2AC488 /* gzwrite.c */; };
		EDC3B18A94FD4BFF83BF4E4F /* infback.c in Resources */ = {isa = PBXBuildFile; fileRef = 9C22C46700284B95A86FC1CE /* infback.c */; };
		3C88E5874A7448CF9159FC2C /* inffast.c in Resources */ = {isa = PBXBuildFile; fileRef = E446E162BAD04E16B9C8131C /* inffast.c */; };
		3ADC6F526D32419A8690CE0B /* inflate.c in Resources */ = {isa = PBXBuildFile; fileRef = F83FDCA4384D4124A572EBE5 /* inflate.c */; };
		6A7E9BEFFDA5446D902E1B19 /* inftrees.c in Resources */ = {isa = PBXBuildFile; fileRef = 972158313B684712ACFDF012 /* inftrees.c */; };
		8883E0BBAC8C44158C54D0D7 /* trees.c in Resources */ = {isa = PBXBuildFile; fileRef = BA195424736F4D10B48608B4 /* trees.c */; };
		307314DBD8454D2E84F07A76 /* uncompr.c in Resources */ = {isa = PBXBuildFile; fileRef = F9FB83C5771E4B3EA44F7B75 /* uncompr.c */; };
		CEE542AFBF4E4027BB19B5A6 /* zutil.c in Resources */ = {isa = PBXBuildFile; fileRef = 2667286196A04AFFAB05A026 /* zutil.c */; };
		A09C31FA0F7C4CD798F69953 /* Base64.m in Sources */ = {isa = PBXBuildFile; fileRef = 609C07FE7EEA4CC38C232E65 /* Base64.m */; };
		B534A104D16F4E06B6E5685E /* UNIHTTPClientHelper.m in Sources */ = {isa = PBXBuildFile; fileRef = AAE796570ADA45D9B9E2C0EC /* UNIHTTPClientHelper.m */; };
		B9D657EDE7A64D98B6858E0B /* UNIHTTPRequest.m in Sources */ = {isa = PBXBuildFile; fileRef = 6B9675F62D1542DC9E3F66C7 /* UNIHTTPRequest.m */; };
		BE88B45BF2AA4FC18B5D8716 /* UNIHTTPRequestWithBody.m in Sources */ = {isa = PBXBuildFile; fileRef = 481F035EF78D45F0A2350014 /* UNIHTTPRequestWithBody.m */; };
		2CF978F6945148A8B3A04334 /* UNIRest.m in Sources */ = {isa = PBXBuildFile; fileRef = FD3EDB78D2224BA0B5D78866 /* UNIRest.m */; };
		AAAA0D4B0DF0480E90E1D663 /* UNIUrlConnection.m in Sources */ = {isa = PBXBuildFile; fileRef = A2B4C27846AD4A378B5778E0 /* UNIUrlConnection.m */; };
		A0CDA546D64A4ECD91F7AE79 /* UNIBaseRequest.m in Sources */ = {isa = PBXBuildFile; fileRef = 5AA6E33DF1FC470CA0F016D2 /* UNIBaseRequest.m */; };
		4EB64C7E84834A80AF7C2492 /* UNIBodyRequest.m in Sources */ = {isa = PBXBuildFile; fileRef = 06719981180D4E018890BFCF /* UNIBodyRequest.m */; };
		010F39C56B304CA389C7C249 /* UNISimpleRequest.m in Sources */ = {isa = PBXBuildFile; fileRef = 7528BC21A4634FC6B6898576 /* UNISimpleRequest.m */; };
		A9B1395BFD3F43EC8798A393 /* UNIHTTPBinaryResponse.m in Sources */ = {isa = PBXBuildFile; fileRef = DA457B4930724EF986E2BD97 /* UNIHTTPBinaryResponse.m */; };
		B775E3BBB1E046D785A30834 /* UNIHTTPJsonResponse.m in Sources */ = {isa = PBXBuildFile; fileRef = C4FA2204134D428997B904F1 /* UNIHTTPJsonResponse.m */; };
		D882A8E8393A466F9B297CF0 /* UNIHTTPResponse.m in Sources */ = {isa = PBXBuildFile; fileRef = 903047D503FF44BCBB3C54C4 /* UNIHTTPResponse.m */; };
		9ECFC574B19C450781159340 /* UNIHTTPStringResponse.m in Sources */ = {isa = PBXBuildFile; fileRef = 4EF3928DE1724F04BCBF881F /* UNIHTTPStringResponse.m */; };
		5C4F272F88EE4B708FF8E266 /* UNIJsonNode.m in Sources */ = {isa = PBXBuildFile; fileRef = FDFCB2104BEC4070928FE082 /* UNIJsonNode.m */; };
		AD4D23988BAC4604B5167EAC /* IonicCordovaCommon.swift in Sources */ = {isa = PBXBuildFile; fileRef = F437F96CECE74027BA422A59 /* IonicCordovaCommon.swift */; };
		13F7BC0B6A6F449E8EB97E12 /* CDVWKWebViewEngine.m in Sources */ = {isa = PBXBuildFile; fileRef = A8897D410DC548C8AE63A69A /* CDVWKWebViewEngine.m */; };
		86CF009C285B418DA08E3A77 /* CDVWKWebViewUIDelegate.m in Sources */ = {isa = PBXBuildFile; fileRef = 32F9EB246D8F442ABBFD2C29 /* CDVWKWebViewUIDelegate.m */; };
		0894751E819E44C5B0655283 /* CDVWKProcessPoolFactory.m in Sources */ = {isa = PBXBuildFile; fileRef = 31FC91C15848441DB2F10233 /* CDVWKProcessPoolFactory.m */; };
		47FFC520931845A9806B0834 /* GCDWebServer.m in Sources */ = {isa = PBXBuildFile; fileRef = E2D74D1132BB45B785C7D347 /* GCDWebServer.m */; };
		8862919B3B10441D8B1BAD68 /* GCDWebServerConnection.m in Sources */ = {isa = PBXBuildFile; fileRef = 1F94C3C2CD1E44ABB51CD5A8 /* GCDWebServerConnection.m */; };
		2557128780BD4B5C846FFBD2 /* GCDWebServerFunctions.m in Sources */ = {isa = PBXBuildFile; fileRef = 917A5D986BD743EF9AA70C4B /* GCDWebServerFunctions.m */; };
		6CD3C9701D9D425E9E71EF6B /* GCDWebServerRequest.m in Sources */ = {isa = PBXBuildFile; fileRef = 386C6C86001E47738BA73650 /* GCDWebServerRequest.m */; };
		F13142B9EE04457CB3CF64C1 /* GCDWebServerResponse.m in Sources */ = {isa = PBXBuildFile; fileRef = B7F32D30D8284CE88D3D82C6 /* GCDWebServerResponse.m */; };
		96DD5788AAA14CB3BBDE9AAD /* GCDWebServerDataRequest.m in Sources */ = {isa = PBXBuildFile; fileRef = ADE44C56EE06447AA314CD52 /* GCDWebServerDataRequest.m */; };
		6BA9C2008ACD44198AB63F0F /* GCDWebServerFileRequest.m in Sources */ = {isa = PBXBuildFile; fileRef = 36FB2F1C70D64FF88D8C1D20 /* GCDWebServerFileRequest.m */; };
		BE1F63B015B54203B3E9302C /* GCDWebServerMultiPartFormRequest.m in Sources */ = {isa = PBXBuildFile; fileRef = D8F3DEB9A9344DBF9C4D7369 /* GCDWebServerMultiPartFormRequest.m */; };
		46C78D9CC1A542DBB20975A9 /* GCDWebServerURLEncodedFormRequest.m in Sources */ = {isa = PBXBuildFile; fileRef = 1AFCF0BA2A7244D38E8DDD3B /* GCDWebServerURLEncodedFormRequest.m */; };
		585603704A3C4868BBBB664A /* GCDWebServerDataResponse.m in Sources */ = {isa = PBXBuildFile; fileRef = 23AD95EF087C431AAEE228E2 /* GCDWebServerDataResponse.m */; };
		89FBA5C7D75E427884F8E99B /* GCDWebServerErrorResponse.m in Sources */ = {isa = PBXBuildFile; fileRef = 2E350882BED944D2B2873A09 /* GCDWebServerErrorResponse.m */; };
		72434907A6484CBE8D0C60C2 /* GCDWebServerFileResponse.m in Sources */ = {isa = PBXBuildFile; fileRef = 6C0F1982198940899674C8A9 /* GCDWebServerFileResponse.m */; };
		33676805391942E5B03224D1 /* GCDWebServerStreamedResponse.m in Sources */ = {isa = PBXBuildFile; fileRef = 3B58DEC53FD442E19E3BDA4E /* GCDWebServerStreamedResponse.m */; };
		34D9477468F741A59D31E12D /* WebKit.framework in Frameworks */ = {isa = PBXBuildFile; fileRef = 84B9FEF9910C4D488CA19C45 /* WebKit.framework */; settings = {ATTRIBUTES = (Weak, ); }; };
		19BABF7FA4724AA99E96A745 /* libz.tbd in Frameworks */ = {isa = PBXBuildFile; fileRef = AFD8DE0834F945DE97E21049 /* libz.tbd */; };
		63F88FE0784641938C3E4571 /* IonicKeyboard.m in Sources */ = {isa = PBXBuildFile; fileRef = BA3D57FBC75C44F3A56DBB07 /* IonicKeyboard.m */; };
/* End PBXBuildFile section */

/* Begin PBXContainerItemProxy section */
		301BF534109A57CC0062928A /* PBXContainerItemProxy */ = {
			isa = PBXContainerItemProxy;
			containerPortal = 301BF52D109A57CC0062928A /* CordovaLib.xcodeproj */;
			proxyType = 2;
			remoteGlobalIDString = D2AAC07E0554694100DB518D;
			remoteInfo = CordovaLib;
		};
		301BF550109A68C00062928A /* PBXContainerItemProxy */ = {
			isa = PBXContainerItemProxy;
			containerPortal = 301BF52D109A57CC0062928A /* CordovaLib.xcodeproj */;
			proxyType = 1;
			remoteGlobalIDString = D2AAC07D0554694100DB518D;
			remoteInfo = CordovaLib;
		};
/* End PBXContainerItemProxy section */

/* Begin PBXFileReference section */
		0207DA571B56EA530066E2B4 /* Images.xcassets */ = {isa = PBXFileReference; lastKnownFileType = folder.assetcatalog; name = Images.xcassets; path = "Pri Demo/Images.xcassets"; sourceTree = SOURCE_ROOT; };
		1D3623240D0F684500981E51 /* AppDelegate.h */ = {isa = PBXFileReference; fileEncoding = 4; lastKnownFileType = sourcecode.c.h; path = AppDelegate.h; sourceTree = "<group>"; };
		1D3623250D0F684500981E51 /* AppDelegate.m */ = {isa = PBXFileReference; fileEncoding = 4; lastKnownFileType = sourcecode.c.objc; path = AppDelegate.m; sourceTree = "<group>"; };
		1D6058910D05DD3D006BFB54 /* Pri Demo.app */ = {isa = PBXFileReference; explicitFileType = wrapper.application; includeInIndex = 0; path = "Pri Demo.app"; sourceTree = BUILT_PRODUCTS_DIR; };
		29B97316FDCFA39411CA2CEA /* main.m */ = {isa = PBXFileReference; fileEncoding = 4; lastKnownFileType = sourcecode.c.objc; path = main.m; sourceTree = "<group>"; };
		301BF52D109A57CC0062928A /* CordovaLib.xcodeproj */ = {isa = PBXFileReference; lastKnownFileType = "wrapper.pb-project"; path = CordovaLib/CordovaLib.xcodeproj; sourceTree = "<group>"; };
		301BF56E109A69640062928A /* www */ = {isa = PBXFileReference; lastKnownFileType = folder; path = www; sourceTree = SOURCE_ROOT; };
		302D95EE14D2391D003F00A1 /* MainViewController.h */ = {isa = PBXFileReference; fileEncoding = 4; lastKnownFileType = sourcecode.c.h; path = MainViewController.h; sourceTree = "<group>"; };
		302D95EF14D2391D003F00A1 /* MainViewController.m */ = {isa = PBXFileReference; fileEncoding = 4; lastKnownFileType = sourcecode.c.objc; path = MainViewController.m; sourceTree = "<group>"; };
		302D95F014D2391D003F00A1 /* MainViewController.xib */ = {isa = PBXFileReference; fileEncoding = 4; lastKnownFileType = file.xib; path = MainViewController.xib; sourceTree = "<group>"; };
		3047A50F1AB8059700498E2A /* build-debug.xcconfig */ = {isa = PBXFileReference; fileEncoding = 4; lastKnownFileType = text.xcconfig; name = "build-debug.xcconfig"; path = cordova/build-debug.xcconfig; sourceTree = SOURCE_ROOT; };
		3047A5101AB8059700498E2A /* build-release.xcconfig */ = {isa = PBXFileReference; fileEncoding = 4; lastKnownFileType = text.xcconfig; name = "build-release.xcconfig"; path = cordova/build-release.xcconfig; sourceTree = SOURCE_ROOT; };
		3047A5111AB8059700498E2A /* build.xcconfig */ = {isa = PBXFileReference; fileEncoding = 4; lastKnownFileType = text.xcconfig; name = build.xcconfig; path = cordova/build.xcconfig; sourceTree = SOURCE_ROOT; };
		32CA4F630368D1EE00C91783 /* Pri Demo-Prefix.pch */ = {isa = PBXFileReference; fileEncoding = 4; lastKnownFileType = sourcecode.c.h; path = "Pri Demo-Prefix.pch"; sourceTree = "<group>"; };
		6AFF5BF81D6E424B00AB3073 /* CDVLaunchScreen.storyboard */ = {isa = PBXFileReference; fileEncoding = 4; lastKnownFileType = file.storyboard; name = CDVLaunchScreen.storyboard; path = "Pri Demo/CDVLaunchScreen.storyboard"; sourceTree = SOURCE_ROOT; };
		8D1107310486CEB800E47090 /* Pri Demo-Info.plist */ = {isa = PBXFileReference; fileEncoding = 4; lastKnownFileType = text.plist.xml; name = "Pri Demo-Info.plist"; path = "Pri Demo/Pri Demo-Info.plist"; plistStructureDefinitionIdentifier = "com.apple.xcode.plist.structure-definition.iphone.info-plist"; sourceTree = SOURCE_ROOT; };
		EB87FDF31871DA8E0020F90C /* www */ = {isa = PBXFileReference; lastKnownFileType = folder; name = www; path = ../../www; sourceTree = "<group>"; };
		EB87FDF41871DAF40020F90C /* config.xml */ = {isa = PBXFileReference; lastKnownFileType = text.xml; name = config.xml; path = ../../config.xml; sourceTree = "<group>"; };
		F840E1F0165FE0F500CFE078 /* config.xml */ = {isa = PBXFileReference; lastKnownFileType = text.xml; name = config.xml; path = "Pri Demo/config.xml"; sourceTree = "<group>"; };
		ED33DF2A687741AEAF9F8254 /* Bridging-Header.h */ = {isa = PBXFileReference; fileEncoding = 4; lastKnownFileType = sourcecode.c.h; name = "Bridging-Header.h"; path = "Bridging-Header.h"; sourceTree = "<group>"; };
		04BE29BD4CEB4CEE93E88E77 /* CDVDevice.m */ = {isa = PBXFileReference; name = "CDVDevice.m"; path = "cordova-plugin-device/CDVDevice.m"; sourceTree = "<group>"; fileEncoding = 4; lastKnownFileType = sourcecode.c.objc; explicitFileType = undefined; includeInIndex = 0; };
		1C1096236EAC46DD9BE89B38 /* CDVDevice.h */ = {isa = PBXFileReference; name = "CDVDevice.h"; path = "cordova-plugin-device/CDVDevice.h"; sourceTree = "<group>"; fileEncoding = 4; lastKnownFileType = sourcecode.c.h; explicitFileType = undefined; includeInIndex = 0; };
		22DC532DFF114CC68E49E500 /* CDVSplashScreen.m */ = {isa = PBXFileReference; name = "CDVSplashScreen.m"; path = "cordova-plugin-splashscreen/CDVSplashScreen.m"; sourceTree = "<group>"; fileEncoding = 4; lastKnownFileType = sourcecode.c.objc; explicitFileType = undefined; includeInIndex = 0; };
		DFF442FB389747ACAE7220E3 /* CDVViewController+SplashScreen.m */ = {isa = PBXFileReference; name = "CDVViewController+SplashScreen.m"; path = "cordova-plugin-splashscreen/CDVViewController+SplashScreen.m"; sourceTree = "<group>"; fileEncoding = 4; lastKnownFileType = sourcecode.c.objc; explicitFileType = undefined; includeInIndex = 0; };
		9419E16AC84B40EFA3A2255F /* CDVSplashScreen.h */ = {isa = PBXFileReference; name = "CDVSplashScreen.h"; path = "cordova-plugin-splashscreen/CDVSplashScreen.h"; sourceTree = "<group>"; fileEncoding = 4; lastKnownFileType = sourcecode.c.h; explicitFileType = undefined; includeInIndex = 0; };
		D11B6D9F51D240D89FAAD89A /* CDVViewController+SplashScreen.h */ = {isa = PBXFileReference; name = "CDVViewController+SplashScreen.h"; path = "cordova-plugin-splashscreen/CDVViewController+SplashScreen.h"; sourceTree = "<group>"; fileEncoding = 4; lastKnownFileType = sourcecode.c.h; explicitFileType = undefined; includeInIndex = 0; };
		5D3A5F5E88D847DDA6366A90 /* CDVSplashScreen+IonicDeploy.m */ = {isa = PBXFileReference; name = "CDVSplashScreen+IonicDeploy.m"; path = "cordova-plugin-ionic/CDVSplashScreen+IonicDeploy.m"; sourceTree = "<group>"; fileEncoding = 4; lastKnownFileType = sourcecode.c.objc; explicitFileType = undefined; includeInIndex = 0; };
		05B661B09F91491AA7F4BF0E /* IonicConstant.m */ = {isa = PBXFileReference; name = "IonicConstant.m"; path = "cordova-plugin-ionic/IonicConstant.m"; sourceTree = "<group>"; fileEncoding = 4; lastKnownFileType = sourcecode.c.objc; explicitFileType = undefined; includeInIndex = 0; };
		35144AC4533045C79CB07716 /* IonicDeploy.m */ = {isa = PBXFileReference; name = "IonicDeploy.m"; path = "cordova-plugin-ionic/IonicDeploy.m"; sourceTree = "<group>"; fileEncoding = 4; lastKnownFileType = sourcecode.c.objc; explicitFileType = undefined; includeInIndex = 0; };
		74108BA82379412F8DC35CED /* Download.m */ = {isa = PBXFileReference; name = "Download.m"; path = "cordova-plugin-ionic/Download.m"; sourceTree = "<group>"; fileEncoding = 4; lastKnownFileType = sourcecode.c.objc; explicitFileType = undefined; includeInIndex = 0; };
		AB05F6F5D8264E8C8AC23AB7 /* DownloadManager.m */ = {isa = PBXFileReference; name = "DownloadManager.m"; path = "cordova-plugin-ionic/DownloadManager.m"; sourceTree = "<group>"; fileEncoding = 4; lastKnownFileType = sourcecode.c.objc; explicitFileType = undefined; includeInIndex = 0; };
		893581D442C74EDF99CA8F8B /* SSZipArchive.m */ = {isa = PBXFileReference; name = "SSZipArchive.m"; path = "cordova-plugin-ionic/SSZipArchive.m"; sourceTree = "<group>"; fileEncoding = 4; lastKnownFileType = sourcecode.c.objc; explicitFileType = undefined; includeInIndex = 0; };
		E3473830D1434FDA95FA74CE /* ioapi.c */ = {isa = PBXFileReference; name = "ioapi.c"; path = "cordova-plugin-ionic/ioapi.c"; sourceTree = "<group>"; fileEncoding = undefined; lastKnownFileType = unknown; explicitFileType = undefined; includeInIndex = 0; };
		7C33AAD8C180483B8ED6EE1D /* unzip.c */ = {isa = PBXFileReference; name = "unzip.c"; path = "cordova-plugin-ionic/unzip.c"; sourceTree = "<group>"; fileEncoding = undefined; lastKnownFileType = unknown; explicitFileType = undefined; includeInIndex = 0; };
		A7EB6FDC351E4AFAB58EA804 /* zip.c */ = {isa = PBXFileReference; name = "zip.c"; path = "cordova-plugin-ionic/zip.c"; sourceTree = "<group>"; fileEncoding = undefined; lastKnownFileType = unknown; explicitFileType = undefined; includeInIndex = 0; };
		9C895E7402914F0CA4121B08 /* adler32.c */ = {isa = PBXFileReference; name = "adler32.c"; path = "cordova-plugin-ionic/adler32.c"; sourceTree = "<group>"; fileEncoding = undefined; lastKnownFileType = unknown; explicitFileType = undefined; includeInIndex = 0; };
		3571650468F94F4EB0DC6572 /* compress.c */ = {isa = PBXFileReference; name = "compress.c"; path = "cordova-plugin-ionic/compress.c"; sourceTree = "<group>"; fileEncoding = undefined; lastKnownFileType = unknown; explicitFileType = undefined; includeInIndex = 0; };
		E9D6AF2309B54E0AB99E1FFF /* crc32.c */ = {isa = PBXFileReference; name = "crc32.c"; path = "cordova-plugin-ionic/crc32.c"; sourceTree = "<group>"; fileEncoding = undefined; lastKnownFileType = unknown; explicitFileType = undefined; includeInIndex = 0; };
		8FAD60992C3D4CC3A4CCD8FF /* deflate.c */ = {isa = PBXFileReference; name = "deflate.c"; path = "cordova-plugin-ionic/deflate.c"; sourceTree = "<group>"; fileEncoding = undefined; lastKnownFileType = unknown; explicitFileType = undefined; includeInIndex = 0; };
		3A9BAC13C9BC42899E81795B /* gzclose.c */ = {isa = PBXFileReference; name = "gzclose.c"; path = "cordova-plugin-ionic/gzclose.c"; sourceTree = "<group>"; fileEncoding = undefined; lastKnownFileType = unknown; explicitFileType = undefined; includeInIndex = 0; };
		378285B61F734D20877C0750 /* gzlib.c */ = {isa = PBXFileReference; name = "gzlib.c"; path = "cordova-plugin-ionic/gzlib.c"; sourceTree = "<group>"; fileEncoding = undefined; lastKnownFileType = unknown; explicitFileType = undefined; includeInIndex = 0; };
		3585D02FFCFE42BDBE77FBF6 /* gzread.c */ = {isa = PBXFileReference; name = "gzread.c"; path = "cordova-plugin-ionic/gzread.c"; sourceTree = "<group>"; fileEncoding = undefined; lastKnownFileType = unknown; explicitFileType = undefined; includeInIndex = 0; };
		A5ADFCC811C54B43BA2AC488 /* gzwrite.c */ = {isa = PBXFileReference; name = "gzwrite.c"; path = "cordova-plugin-ionic/gzwrite.c"; sourceTree = "<group>"; fileEncoding = undefined; lastKnownFileType = unknown; explicitFileType = undefined; includeInIndex = 0; };
		9C22C46700284B95A86FC1CE /* infback.c */ = {isa = PBXFileReference; name = "infback.c"; path = "cordova-plugin-ionic/infback.c"; sourceTree = "<group>"; fileEncoding = undefined; lastKnownFileType = unknown; explicitFileType = undefined; includeInIndex = 0; };
		E446E162BAD04E16B9C8131C /* inffast.c */ = {isa = PBXFileReference; name = "inffast.c"; path = "cordova-plugin-ionic/inffast.c"; sourceTree = "<group>"; fileEncoding = undefined; lastKnownFileType = unknown; explicitFileType = undefined; includeInIndex = 0; };
		F83FDCA4384D4124A572EBE5 /* inflate.c */ = {isa = PBXFileReference; name = "inflate.c"; path = "cordova-plugin-ionic/inflate.c"; sourceTree = "<group>"; fileEncoding = undefined; lastKnownFileType = unknown; explicitFileType = undefined; includeInIndex = 0; };
		972158313B684712ACFDF012 /* inftrees.c */ = {isa = PBXFileReference; name = "inftrees.c"; path = "cordova-plugin-ionic/inftrees.c"; sourceTree = "<group>"; fileEncoding = undefined; lastKnownFileType = unknown; explicitFileType = undefined; includeInIndex = 0; };
		BA195424736F4D10B48608B4 /* trees.c */ = {isa = PBXFileReference; name = "trees.c"; path = "cordova-plugin-ionic/trees.c"; sourceTree = "<group>"; fileEncoding = undefined; lastKnownFileType = unknown; explicitFileType = undefined; includeInIndex = 0; };
		F9FB83C5771E4B3EA44F7B75 /* uncompr.c */ = {isa = PBXFileReference; name = "uncompr.c"; path = "cordova-plugin-ionic/uncompr.c"; sourceTree = "<group>"; fileEncoding = undefined; lastKnownFileType = unknown; explicitFileType = undefined; includeInIndex = 0; };
		2667286196A04AFFAB05A026 /* zutil.c */ = {isa = PBXFileReference; name = "zutil.c"; path = "cordova-plugin-ionic/zutil.c"; sourceTree = "<group>"; fileEncoding = undefined; lastKnownFileType = unknown; explicitFileType = undefined; includeInIndex = 0; };
		609C07FE7EEA4CC38C232E65 /* Base64.m */ = {isa = PBXFileReference; name = "Base64.m"; path = "cordova-plugin-ionic/Base64.m"; sourceTree = "<group>"; fileEncoding = 4; lastKnownFileType = sourcecode.c.objc; explicitFileType = undefined; includeInIndex = 0; };
		AAE796570ADA45D9B9E2C0EC /* UNIHTTPClientHelper.m */ = {isa = PBXFileReference; name = "UNIHTTPClientHelper.m"; path = "cordova-plugin-ionic/UNIHTTPClientHelper.m"; sourceTree = "<group>"; fileEncoding = 4; lastKnownFileType = sourcecode.c.objc; explicitFileType = undefined; includeInIndex = 0; };
		6B9675F62D1542DC9E3F66C7 /* UNIHTTPRequest.m */ = {isa = PBXFileReference; name = "UNIHTTPRequest.m"; path = "cordova-plugin-ionic/UNIHTTPRequest.m"; sourceTree = "<group>"; fileEncoding = 4; lastKnownFileType = sourcecode.c.objc; explicitFileType = undefined; includeInIndex = 0; };
		481F035EF78D45F0A2350014 /* UNIHTTPRequestWithBody.m */ = {isa = PBXFileReference; name = "UNIHTTPRequestWithBody.m"; path = "cordova-plugin-ionic/UNIHTTPRequestWithBody.m"; sourceTree = "<group>"; fileEncoding = 4; lastKnownFileType = sourcecode.c.objc; explicitFileType = undefined; includeInIndex = 0; };
		FD3EDB78D2224BA0B5D78866 /* UNIRest.m */ = {isa = PBXFileReference; name = "UNIRest.m"; path = "cordova-plugin-ionic/UNIRest.m"; sourceTree = "<group>"; fileEncoding = 4; lastKnownFileType = sourcecode.c.objc; explicitFileType = undefined; includeInIndex = 0; };
		A2B4C27846AD4A378B5778E0 /* UNIUrlConnection.m */ = {isa = PBXFileReference; name = "UNIUrlConnection.m"; path = "cordova-plugin-ionic/UNIUrlConnection.m"; sourceTree = "<group>"; fileEncoding = 4; lastKnownFileType = sourcecode.c.objc; explicitFileType = undefined; includeInIndex = 0; };
		5AA6E33DF1FC470CA0F016D2 /* UNIBaseRequest.m */ = {isa = PBXFileReference; name = "UNIBaseRequest.m"; path = "cordova-plugin-ionic/UNIBaseRequest.m"; sourceTree = "<group>"; fileEncoding = 4; lastKnownFileType = sourcecode.c.objc; explicitFileType = undefined; includeInIndex = 0; };
		06719981180D4E018890BFCF /* UNIBodyRequest.m */ = {isa = PBXFileReference; name = "UNIBodyRequest.m"; path = "cordova-plugin-ionic/UNIBodyRequest.m"; sourceTree = "<group>"; fileEncoding = 4; lastKnownFileType = sourcecode.c.objc; explicitFileType = undefined; includeInIndex = 0; };
		7528BC21A4634FC6B6898576 /* UNISimpleRequest.m */ = {isa = PBXFileReference; name = "UNISimpleRequest.m"; path = "cordova-plugin-ionic/UNISimpleRequest.m"; sourceTree = "<group>"; fileEncoding = 4; lastKnownFileType = sourcecode.c.objc; explicitFileType = undefined; includeInIndex = 0; };
		DA457B4930724EF986E2BD97 /* UNIHTTPBinaryResponse.m */ = {isa = PBXFileReference; name = "UNIHTTPBinaryResponse.m"; path = "cordova-plugin-ionic/UNIHTTPBinaryResponse.m"; sourceTree = "<group>"; fileEncoding = 4; lastKnownFileType = sourcecode.c.objc; explicitFileType = undefined; includeInIndex = 0; };
		C4FA2204134D428997B904F1 /* UNIHTTPJsonResponse.m */ = {isa = PBXFileReference; name = "UNIHTTPJsonResponse.m"; path = "cordova-plugin-ionic/UNIHTTPJsonResponse.m"; sourceTree = "<group>"; fileEncoding = 4; lastKnownFileType = sourcecode.c.objc; explicitFileType = undefined; includeInIndex = 0; };
		903047D503FF44BCBB3C54C4 /* UNIHTTPResponse.m */ = {isa = PBXFileReference; name = "UNIHTTPResponse.m"; path = "cordova-plugin-ionic/UNIHTTPResponse.m"; sourceTree = "<group>"; fileEncoding = 4; lastKnownFileType = sourcecode.c.objc; explicitFileType = undefined; includeInIndex = 0; };
		4EF3928DE1724F04BCBF881F /* UNIHTTPStringResponse.m */ = {isa = PBXFileReference; name = "UNIHTTPStringResponse.m"; path = "cordova-plugin-ionic/UNIHTTPStringResponse.m"; sourceTree = "<group>"; fileEncoding = 4; lastKnownFileType = sourcecode.c.objc; explicitFileType = undefined; includeInIndex = 0; };
		FDFCB2104BEC4070928FE082 /* UNIJsonNode.m */ = {isa = PBXFileReference; name = "UNIJsonNode.m"; path = "cordova-plugin-ionic/UNIJsonNode.m"; sourceTree = "<group>"; fileEncoding = 4; lastKnownFileType = sourcecode.c.objc; explicitFileType = undefined; includeInIndex = 0; };
		F437F96CECE74027BA422A59 /* IonicCordovaCommon.swift */ = {isa = PBXFileReference; name = "IonicCordovaCommon.swift"; path = "cordova-plugin-ionic/IonicCordovaCommon.swift"; sourceTree = "<group>"; fileEncoding = 4; lastKnownFileType = sourcecode.swift; explicitFileType = undefined; includeInIndex = 0; };
		4C97D1229C5141509EAF195E /* CDVSplashScreen+IonicDeploy.h */ = {isa = PBXFileReference; name = "CDVSplashScreen+IonicDeploy.h"; path = "cordova-plugin-ionic/CDVSplashScreen+IonicDeploy.h"; sourceTree = "<group>"; fileEncoding = 4; lastKnownFileType = sourcecode.c.h; explicitFileType = undefined; includeInIndex = 0; };
		E00EFE0B71D24138BAC40529 /* IonicConstant.h */ = {isa = PBXFileReference; name = "IonicConstant.h"; path = "cordova-plugin-ionic/IonicConstant.h"; sourceTree = "<group>"; fileEncoding = 4; lastKnownFileType = sourcecode.c.h; explicitFileType = undefined; includeInIndex = 0; };
		77BDD924F4844A1E8646F58D /* IonicDeploy.h */ = {isa = PBXFileReference; name = "IonicDeploy.h"; path = "cordova-plugin-ionic/IonicDeploy.h"; sourceTree = "<group>"; fileEncoding = 4; lastKnownFileType = sourcecode.c.h; explicitFileType = undefined; includeInIndex = 0; };
		AC22F2A32EB24CC68944D326 /* Download.h */ = {isa = PBXFileReference; name = "Download.h"; path = "cordova-plugin-ionic/Download.h"; sourceTree = "<group>"; fileEncoding = 4; lastKnownFileType = sourcecode.c.h; explicitFileType = undefined; includeInIndex = 0; };
		70A447CB1EB240A28A333B7E /* DownloadManager.h */ = {isa = PBXFileReference; name = "DownloadManager.h"; path = "cordova-plugin-ionic/DownloadManager.h"; sourceTree = "<group>"; fileEncoding = 4; lastKnownFileType = sourcecode.c.h; explicitFileType = undefined; includeInIndex = 0; };
		865609D8D33D4173A1538583 /* SSZipArchive.h */ = {isa = PBXFileReference; name = "SSZipArchive.h"; path = "cordova-plugin-ionic/SSZipArchive.h"; sourceTree = "<group>"; fileEncoding = 4; lastKnownFileType = sourcecode.c.h; explicitFileType = undefined; includeInIndex = 0; };
		CD6A6EBA87AF4705A7E09E39 /* ARCHelper.h */ = {isa = PBXFileReference; name = "ARCHelper.h"; path = "cordova-plugin-ionic/ARCHelper.h"; sourceTree = "<group>"; fileEncoding = 4; lastKnownFileType = sourcecode.c.h; explicitFileType = undefined; includeInIndex = 0; };
		B8F48B8852FE41C7B6329C39 /* crypt.h */ = {isa = PBXFileReference; name = "crypt.h"; path = "cordova-plugin-ionic/crypt.h"; sourceTree = "<group>"; fileEncoding = 4; lastKnownFileType = sourcecode.c.h; explicitFileType = undefined; includeInIndex = 0; };
		592FF406B1054433A10CEFFB /* ioapi.h */ = {isa = PBXFileReference; name = "ioapi.h"; path = "cordova-plugin-ionic/ioapi.h"; sourceTree = "<group>"; fileEncoding = 4; lastKnownFileType = sourcecode.c.h; explicitFileType = undefined; includeInIndex = 0; };
		D9B0B3A2F00B492E90FAD2A2 /* unzip.h */ = {isa = PBXFileReference; name = "unzip.h"; path = "cordova-plugin-ionic/unzip.h"; sourceTree = "<group>"; fileEncoding = 4; lastKnownFileType = sourcecode.c.h; explicitFileType = undefined; includeInIndex = 0; };
		2FB0609B93A54E31B4E6E0CD /* zip.h */ = {isa = PBXFileReference; name = "zip.h"; path = "cordova-plugin-ionic/zip.h"; sourceTree = "<group>"; fileEncoding = 4; lastKnownFileType = sourcecode.c.h; explicitFileType = undefined; includeInIndex = 0; };
		6CC7265CA3634B71920A59B0 /* crc32.h */ = {isa = PBXFileReference; name = "crc32.h"; path = "cordova-plugin-ionic/crc32.h"; sourceTree = "<group>"; fileEncoding = 4; lastKnownFileType = sourcecode.c.h; explicitFileType = undefined; includeInIndex = 0; };
		C1E331BC64904F3FA5373DC1 /* deflate.h */ = {isa = PBXFileReference; name = "deflate.h"; path = "cordova-plugin-ionic/deflate.h"; sourceTree = "<group>"; fileEncoding = 4; lastKnownFileType = sourcecode.c.h; explicitFileType = undefined; includeInIndex = 0; };
		141CBD00FBD54C9996EA77E8 /* gzguts.h */ = {isa = PBXFileReference; name = "gzguts.h"; path = "cordova-plugin-ionic/gzguts.h"; sourceTree = "<group>"; fileEncoding = 4; lastKnownFileType = sourcecode.c.h; explicitFileType = undefined; includeInIndex = 0; };
		97F51DBFD988445E81387DFF /* inffast.h */ = {isa = PBXFileReference; name = "inffast.h"; path = "cordova-plugin-ionic/inffast.h"; sourceTree = "<group>"; fileEncoding = 4; lastKnownFileType = sourcecode.c.h; explicitFileType = undefined; includeInIndex = 0; };
		76DFC2C2506B4034898473DE /* inffixed.h */ = {isa = PBXFileReference; name = "inffixed.h"; path = "cordova-plugin-ionic/inffixed.h"; sourceTree = "<group>"; fileEncoding = 4; lastKnownFileType = sourcecode.c.h; explicitFileType = undefined; includeInIndex = 0; };
		A5EC2BC6275748A8BF723088 /* inflate.h */ = {isa = PBXFileReference; name = "inflate.h"; path = "cordova-plugin-ionic/inflate.h"; sourceTree = "<group>"; fileEncoding = 4; lastKnownFileType = sourcecode.c.h; explicitFileType = undefined; includeInIndex = 0; };
		4E2111BC79A94E9999CF454A /* inftrees.h */ = {isa = PBXFileReference; name = "inftrees.h"; path = "cordova-plugin-ionic/inftrees.h"; sourceTree = "<group>"; fileEncoding = 4; lastKnownFileType = sourcecode.c.h; explicitFileType = undefined; includeInIndex = 0; };
		53DBF1F28C7C467CB24C6DCB /* trees.h */ = {isa = PBXFileReference; name = "trees.h"; path = "cordova-plugin-ionic/trees.h"; sourceTree = "<group>"; fileEncoding = 4; lastKnownFileType = sourcecode.c.h; explicitFileType = undefined; includeInIndex = 0; };
		8E9676B83F7246FF8E437894 /* zconf.h */ = {isa = PBXFileReference; name = "zconf.h"; path = "cordova-plugin-ionic/zconf.h"; sourceTree = "<group>"; fileEncoding = 4; lastKnownFileType = sourcecode.c.h; explicitFileType = undefined; includeInIndex = 0; };
		E86046F9018947FCA350BFB2 /* zlib.h */ = {isa = PBXFileReference; name = "zlib.h"; path = "cordova-plugin-ionic/zlib.h"; sourceTree = "<group>"; fileEncoding = 4; lastKnownFileType = sourcecode.c.h; explicitFileType = undefined; includeInIndex = 0; };
		AB8D434999F04EF58E3C2416 /* zutil.h */ = {isa = PBXFileReference; name = "zutil.h"; path = "cordova-plugin-ionic/zutil.h"; sourceTree = "<group>"; fileEncoding = 4; lastKnownFileType = sourcecode.c.h; explicitFileType = undefined; includeInIndex = 0; };
		7E9D2B7E36ED42958C5F5465 /* Base64.h */ = {isa = PBXFileReference; name = "Base64.h"; path = "cordova-plugin-ionic/Base64.h"; sourceTree = "<group>"; fileEncoding = 4; lastKnownFileType = sourcecode.c.h; explicitFileType = undefined; includeInIndex = 0; };
		2551B4723EEA49998604D8BC /* UNIHTTPClientHelper.h */ = {isa = PBXFileReference; name = "UNIHTTPClientHelper.h"; path = "cordova-plugin-ionic/UNIHTTPClientHelper.h"; sourceTree = "<group>"; fileEncoding = 4; lastKnownFileType = sourcecode.c.h; explicitFileType = undefined; includeInIndex = 0; };
		E17C544390D84151AC720123 /* UNIHTTPRequest.h */ = {isa = PBXFileReference; name = "UNIHTTPRequest.h"; path = "cordova-plugin-ionic/UNIHTTPRequest.h"; sourceTree = "<group>"; fileEncoding = 4; lastKnownFileType = sourcecode.c.h; explicitFileType = undefined; includeInIndex = 0; };
		84AD0CB77480493899BF521A /* UNIHTTPRequestWithBody.h */ = {isa = PBXFileReference; name = "UNIHTTPRequestWithBody.h"; path = "cordova-plugin-ionic/UNIHTTPRequestWithBody.h"; sourceTree = "<group>"; fileEncoding = 4; lastKnownFileType = sourcecode.c.h; explicitFileType = undefined; includeInIndex = 0; };
		573B36FCCC4E46CFB5218B04 /* Unirest-Prefix.pch */ = {isa = PBXFileReference; name = "Unirest-Prefix.pch"; path = "cordova-plugin-ionic/Unirest-Prefix.pch"; sourceTree = "<group>"; fileEncoding = 4; lastKnownFileType = sourcecode.c.h; explicitFileType = undefined; includeInIndex = 0; };
		52B40F91F3C24C69B4494F28 /* UNIRest.h */ = {isa = PBXFileReference; name = "UNIRest.h"; path = "cordova-plugin-ionic/UNIRest.h"; sourceTree = "<group>"; fileEncoding = 4; lastKnownFileType = sourcecode.c.h; explicitFileType = undefined; includeInIndex = 0; };
		87C9E48ACFD74C318FB43F52 /* UNIUrlConnection.h */ = {isa = PBXFileReference; name = "UNIUrlConnection.h"; path = "cordova-plugin-ionic/UNIUrlConnection.h"; sourceTree = "<group>"; fileEncoding = 4; lastKnownFileType = sourcecode.c.h; explicitFileType = undefined; includeInIndex = 0; };
		25C876CABBC4492098F43064 /* UNIBaseRequest.h */ = {isa = PBXFileReference; name = "UNIBaseRequest.h"; path = "cordova-plugin-ionic/UNIBaseRequest.h"; sourceTree = "<group>"; fileEncoding = 4; lastKnownFileType = sourcecode.c.h; explicitFileType = undefined; includeInIndex = 0; };
		445D039D2F384C8598260B1A /* UNIBodyRequest.h */ = {isa = PBXFileReference; name = "UNIBodyRequest.h"; path = "cordova-plugin-ionic/UNIBodyRequest.h"; sourceTree = "<group>"; fileEncoding = 4; lastKnownFileType = sourcecode.c.h; explicitFileType = undefined; includeInIndex = 0; };
		C8D6E7BA39874B9482BC035F /* UNISimpleRequest.h */ = {isa = PBXFileReference; name = "UNISimpleRequest.h"; path = "cordova-plugin-ionic/UNISimpleRequest.h"; sourceTree = "<group>"; fileEncoding = 4; lastKnownFileType = sourcecode.c.h; explicitFileType = undefined; includeInIndex = 0; };
		0B2842844F6A49589C714CD3 /* UNIHTTPBinaryResponse.h */ = {isa = PBXFileReference; name = "UNIHTTPBinaryResponse.h"; path = "cordova-plugin-ionic/UNIHTTPBinaryResponse.h"; sourceTree = "<group>"; fileEncoding = 4; lastKnownFileType = sourcecode.c.h; explicitFileType = undefined; includeInIndex = 0; };
		276A7A25C7904929A93B23BD /* UNIHTTPJsonResponse.h */ = {isa = PBXFileReference; name = "UNIHTTPJsonResponse.h"; path = "cordova-plugin-ionic/UNIHTTPJsonResponse.h"; sourceTree = "<group>"; fileEncoding = 4; lastKnownFileType = sourcecode.c.h; explicitFileType = undefined; includeInIndex = 0; };
		583EDB7A1382413CB990FBD3 /* UNIHTTPResponse.h */ = {isa = PBXFileReference; name = "UNIHTTPResponse.h"; path = "cordova-plugin-ionic/UNIHTTPResponse.h"; sourceTree = "<group>"; fileEncoding = 4; lastKnownFileType = sourcecode.c.h; explicitFileType = undefined; includeInIndex = 0; };
		B07B13303F4C4E51A5FE12D7 /* UNIHTTPStringResponse.h */ = {isa = PBXFileReference; name = "UNIHTTPStringResponse.h"; path = "cordova-plugin-ionic/UNIHTTPStringResponse.h"; sourceTree = "<group>"; fileEncoding = 4; lastKnownFileType = sourcecode.c.h; explicitFileType = undefined; includeInIndex = 0; };
		4E4F7111E8644EDF8215A08C /* UNIJsonNode.h */ = {isa = PBXFileReference; name = "UNIJsonNode.h"; path = "cordova-plugin-ionic/UNIJsonNode.h"; sourceTree = "<group>"; fileEncoding = 4; lastKnownFileType = sourcecode.c.h; explicitFileType = undefined; includeInIndex = 0; };
		A8897D410DC548C8AE63A69A /* CDVWKWebViewEngine.m */ = {isa = PBXFileReference; name = "CDVWKWebViewEngine.m"; path = "cordova-plugin-ionic-webview/CDVWKWebViewEngine.m"; sourceTree = "<group>"; fileEncoding = 4; lastKnownFileType = sourcecode.c.objc; explicitFileType = undefined; includeInIndex = 0; };
		32F9EB246D8F442ABBFD2C29 /* CDVWKWebViewUIDelegate.m */ = {isa = PBXFileReference; name = "CDVWKWebViewUIDelegate.m"; path = "cordova-plugin-ionic-webview/CDVWKWebViewUIDelegate.m"; sourceTree = "<group>"; fileEncoding = 4; lastKnownFileType = sourcecode.c.objc; explicitFileType = undefined; includeInIndex = 0; };
		31FC91C15848441DB2F10233 /* CDVWKProcessPoolFactory.m */ = {isa = PBXFileReference; name = "CDVWKProcessPoolFactory.m"; path = "cordova-plugin-ionic-webview/CDVWKProcessPoolFactory.m"; sourceTree = "<group>"; fileEncoding = 4; lastKnownFileType = sourcecode.c.objc; explicitFileType = undefined; includeInIndex = 0; };
		E2D74D1132BB45B785C7D347 /* GCDWebServer.m */ = {isa = PBXFileReference; name = "GCDWebServer.m"; path = "cordova-plugin-ionic-webview/GCDWebServer.m"; sourceTree = "<group>"; fileEncoding = 4; lastKnownFileType = sourcecode.c.objc; explicitFileType = undefined; includeInIndex = 0; };
		1F94C3C2CD1E44ABB51CD5A8 /* GCDWebServerConnection.m */ = {isa = PBXFileReference; name = "GCDWebServerConnection.m"; path = "cordova-plugin-ionic-webview/GCDWebServerConnection.m"; sourceTree = "<group>"; fileEncoding = 4; lastKnownFileType = sourcecode.c.objc; explicitFileType = undefined; includeInIndex = 0; };
		917A5D986BD743EF9AA70C4B /* GCDWebServerFunctions.m */ = {isa = PBXFileReference; name = "GCDWebServerFunctions.m"; path = "cordova-plugin-ionic-webview/GCDWebServerFunctions.m"; sourceTree = "<group>"; fileEncoding = 4; lastKnownFileType = sourcecode.c.objc; explicitFileType = undefined; includeInIndex = 0; };
		386C6C86001E47738BA73650 /* GCDWebServerRequest.m */ = {isa = PBXFileReference; name = "GCDWebServerRequest.m"; path = "cordova-plugin-ionic-webview/GCDWebServerRequest.m"; sourceTree = "<group>"; fileEncoding = 4; lastKnownFileType = sourcecode.c.objc; explicitFileType = undefined; includeInIndex = 0; };
		B7F32D30D8284CE88D3D82C6 /* GCDWebServerResponse.m */ = {isa = PBXFileReference; name = "GCDWebServerResponse.m"; path = "cordova-plugin-ionic-webview/GCDWebServerResponse.m"; sourceTree = "<group>"; fileEncoding = 4; lastKnownFileType = sourcecode.c.objc; explicitFileType = undefined; includeInIndex = 0; };
		ADE44C56EE06447AA314CD52 /* GCDWebServerDataRequest.m */ = {isa = PBXFileReference; name = "GCDWebServerDataRequest.m"; path = "cordova-plugin-ionic-webview/GCDWebServerDataRequest.m"; sourceTree = "<group>"; fileEncoding = 4; lastKnownFileType = sourcecode.c.objc; explicitFileType = undefined; includeInIndex = 0; };
		36FB2F1C70D64FF88D8C1D20 /* GCDWebServerFileRequest.m */ = {isa = PBXFileReference; name = "GCDWebServerFileRequest.m"; path = "cordova-plugin-ionic-webview/GCDWebServerFileRequest.m"; sourceTree = "<group>"; fileEncoding = 4; lastKnownFileType = sourcecode.c.objc; explicitFileType = undefined; includeInIndex = 0; };
		D8F3DEB9A9344DBF9C4D7369 /* GCDWebServerMultiPartFormRequest.m */ = {isa = PBXFileReference; name = "GCDWebServerMultiPartFormRequest.m"; path = "cordova-plugin-ionic-webview/GCDWebServerMultiPartFormRequest.m"; sourceTree = "<group>"; fileEncoding = 4; lastKnownFileType = sourcecode.c.objc; explicitFileType = undefined; includeInIndex = 0; };
		1AFCF0BA2A7244D38E8DDD3B /* GCDWebServerURLEncodedFormRequest.m */ = {isa = PBXFileReference; name = "GCDWebServerURLEncodedFormRequest.m"; path = "cordova-plugin-ionic-webview/GCDWebServerURLEncodedFormRequest.m"; sourceTree = "<group>"; fileEncoding = 4; lastKnownFileType = sourcecode.c.objc; explicitFileType = undefined; includeInIndex = 0; };
		23AD95EF087C431AAEE228E2 /* GCDWebServerDataResponse.m */ = {isa = PBXFileReference; name = "GCDWebServerDataResponse.m"; path = "cordova-plugin-ionic-webview/GCDWebServerDataResponse.m"; sourceTree = "<group>"; fileEncoding = 4; lastKnownFileType = sourcecode.c.objc; explicitFileType = undefined; includeInIndex = 0; };
		2E350882BED944D2B2873A09 /* GCDWebServerErrorResponse.m */ = {isa = PBXFileReference; name = "GCDWebServerErrorResponse.m"; path = "cordova-plugin-ionic-webview/GCDWebServerErrorResponse.m"; sourceTree = "<group>"; fileEncoding = 4; lastKnownFileType = sourcecode.c.objc; explicitFileType = undefined; includeInIndex = 0; };
		6C0F1982198940899674C8A9 /* GCDWebServerFileResponse.m */ = {isa = PBXFileReference; name = "GCDWebServerFileResponse.m"; path = "cordova-plugin-ionic-webview/GCDWebServerFileResponse.m"; sourceTree = "<group>"; fileEncoding = 4; lastKnownFileType = sourcecode.c.objc; explicitFileType = undefined; includeInIndex = 0; };
		3B58DEC53FD442E19E3BDA4E /* GCDWebServerStreamedResponse.m */ = {isa = PBXFileReference; name = "GCDWebServerStreamedResponse.m"; path = "cordova-plugin-ionic-webview/GCDWebServerStreamedResponse.m"; sourceTree = "<group>"; fileEncoding = 4; lastKnownFileType = sourcecode.c.objc; explicitFileType = undefined; includeInIndex = 0; };
		1DE353501EAF420B92E2B8FE /* CDVWKWebViewEngine.h */ = {isa = PBXFileReference; name = "CDVWKWebViewEngine.h"; path = "cordova-plugin-ionic-webview/CDVWKWebViewEngine.h"; sourceTree = "<group>"; fileEncoding = 4; lastKnownFileType = sourcecode.c.h; explicitFileType = undefined; includeInIndex = 0; };
		98F9DC4F0E91434B97874A4D /* CDVWKWebViewUIDelegate.h */ = {isa = PBXFileReference; name = "CDVWKWebViewUIDelegate.h"; path = "cordova-plugin-ionic-webview/CDVWKWebViewUIDelegate.h"; sourceTree = "<group>"; fileEncoding = 4; lastKnownFileType = sourcecode.c.h; explicitFileType = undefined; includeInIndex = 0; };
		4A2E13B0DAD949F581C9D21B /* CDVWKProcessPoolFactory.h */ = {isa = PBXFileReference; name = "CDVWKProcessPoolFactory.h"; path = "cordova-plugin-ionic-webview/CDVWKProcessPoolFactory.h"; sourceTree = "<group>"; fileEncoding = 4; lastKnownFileType = sourcecode.c.h; explicitFileType = undefined; includeInIndex = 0; };
		AD27A3C4A70847248B04DD7A /* GCDWebServer.h */ = {isa = PBXFileReference; name = "GCDWebServer.h"; path = "cordova-plugin-ionic-webview/GCDWebServer.h"; sourceTree = "<group>"; fileEncoding = 4; lastKnownFileType = sourcecode.c.h; explicitFileType = undefined; includeInIndex = 0; };
		067BE18E49234BD987DDA8D9 /* GCDWebServerConnection.h */ = {isa = PBXFileReference; name = "GCDWebServerConnection.h"; path = "cordova-plugin-ionic-webview/GCDWebServerConnection.h"; sourceTree = "<group>"; fileEncoding = 4; lastKnownFileType = sourcecode.c.h; explicitFileType = undefined; includeInIndex = 0; };
		5D5DF831FEEC4E4FA0DEBD30 /* GCDWebServerFunctions.h */ = {isa = PBXFileReference; name = "GCDWebServerFunctions.h"; path = "cordova-plugin-ionic-webview/GCDWebServerFunctions.h"; sourceTree = "<group>"; fileEncoding = 4; lastKnownFileType = sourcecode.c.h; explicitFileType = undefined; includeInIndex = 0; };
		0571C64DF9334D748A75C3FB /* GCDWebServerHTTPStatusCodes.h */ = {isa = PBXFileReference; name = "GCDWebServerHTTPStatusCodes.h"; path = "cordova-plugin-ionic-webview/GCDWebServerHTTPStatusCodes.h"; sourceTree = "<group>"; fileEncoding = 4; lastKnownFileType = sourcecode.c.h; explicitFileType = undefined; includeInIndex = 0; };
		E48D7B0FC03540EC920780E8 /* GCDWebServerPrivate.h */ = {isa = PBXFileReference; name = "GCDWebServerPrivate.h"; path = "cordova-plugin-ionic-webview/GCDWebServerPrivate.h"; sourceTree = "<group>"; fileEncoding = 4; lastKnownFileType = sourcecode.c.h; explicitFileType = undefined; includeInIndex = 0; };
		25893BC67DBA41E6B7A1A796 /* GCDWebServerRequest.h */ = {isa = PBXFileReference; name = "GCDWebServerRequest.h"; path = "cordova-plugin-ionic-webview/GCDWebServerRequest.h"; sourceTree = "<group>"; fileEncoding = 4; lastKnownFileType = sourcecode.c.h; explicitFileType = undefined; includeInIndex = 0; };
		0FF0330795EF41C7A7B787C3 /* GCDWebServerResponse.h */ = {isa = PBXFileReference; name = "GCDWebServerResponse.h"; path = "cordova-plugin-ionic-webview/GCDWebServerResponse.h"; sourceTree = "<group>"; fileEncoding = 4; lastKnownFileType = sourcecode.c.h; explicitFileType = undefined; includeInIndex = 0; };
		5B2C68773C544BA9BAF7D35C /* GCDWebServerDataRequest.h */ = {isa = PBXFileReference; name = "GCDWebServerDataRequest.h"; path = "cordova-plugin-ionic-webview/GCDWebServerDataRequest.h"; sourceTree = "<group>"; fileEncoding = 4; lastKnownFileType = sourcecode.c.h; explicitFileType = undefined; includeInIndex = 0; };
		5F48927DD428491F8864214B /* GCDWebServerFileRequest.h */ = {isa = PBXFileReference; name = "GCDWebServerFileRequest.h"; path = "cordova-plugin-ionic-webview/GCDWebServerFileRequest.h"; sourceTree = "<group>"; fileEncoding = 4; lastKnownFileType = sourcecode.c.h; explicitFileType = undefined; includeInIndex = 0; };
		F80110CC5C354842B72EAA33 /* GCDWebServerMultiPartFormRequest.h */ = {isa = PBXFileReference; name = "GCDWebServerMultiPartFormRequest.h"; path = "cordova-plugin-ionic-webview/GCDWebServerMultiPartFormRequest.h"; sourceTree = "<group>"; fileEncoding = 4; lastKnownFileType = sourcecode.c.h; explicitFileType = undefined; includeInIndex = 0; };
		F74781FC1A4942E381F94671 /* GCDWebServerURLEncodedFormRequest.h */ = {isa = PBXFileReference; name = "GCDWebServerURLEncodedFormRequest.h"; path = "cordova-plugin-ionic-webview/GCDWebServerURLEncodedFormRequest.h"; sourceTree = "<group>"; fileEncoding = 4; lastKnownFileType = sourcecode.c.h; explicitFileType = undefined; includeInIndex = 0; };
		68364ECE1452465E9D18F6C8 /* GCDWebServerDataResponse.h */ = {isa = PBXFileReference; name = "GCDWebServerDataResponse.h"; path = "cordova-plugin-ionic-webview/GCDWebServerDataResponse.h"; sourceTree = "<group>"; fileEncoding = 4; lastKnownFileType = sourcecode.c.h; explicitFileType = undefined; includeInIndex = 0; };
		4832B04954E3408880232B8D /* GCDWebServerErrorResponse.h */ = {isa = PBXFileReference; name = "GCDWebServerErrorResponse.h"; path = "cordova-plugin-ionic-webview/GCDWebServerErrorResponse.h"; sourceTree = "<group>"; fileEncoding = 4; lastKnownFileType = sourcecode.c.h; explicitFileType = undefined; includeInIndex = 0; };
		53130573AC83479EAE9C4909 /* GCDWebServerFileResponse.h */ = {isa = PBXFileReference; name = "GCDWebServerFileResponse.h"; path = "cordova-plugin-ionic-webview/GCDWebServerFileResponse.h"; sourceTree = "<group>"; fileEncoding = 4; lastKnownFileType = sourcecode.c.h; explicitFileType = undefined; includeInIndex = 0; };
		88E7A904E38949D1AFB1467F /* GCDWebServerStreamedResponse.h */ = {isa = PBXFileReference; name = "GCDWebServerStreamedResponse.h"; path = "cordova-plugin-ionic-webview/GCDWebServerStreamedResponse.h"; sourceTree = "<group>"; fileEncoding = 4; lastKnownFileType = sourcecode.c.h; explicitFileType = undefined; includeInIndex = 0; };
		84B9FEF9910C4D488CA19C45 /* WebKit.framework */ = {isa = PBXFileReference; name = "WebKit.framework"; path = "System/Library/Frameworks/WebKit.framework"; sourceTree = SDKROOT; fileEncoding = undefined; lastKnownFileType = wrapper.framework; explicitFileType = undefined; includeInIndex = 0; };
		AFD8DE0834F945DE97E21049 /* libz.tbd */ = {isa = PBXFileReference; name = "libz.tbd"; path = "usr/lib/libz.tbd"; sourceTree = SDKROOT; fileEncoding = undefined; lastKnownFileType = sourcecode.text-based-dylib-definition; explicitFileType = undefined; includeInIndex = 0; };
		BA3D57FBC75C44F3A56DBB07 /* IonicKeyboard.m */ = {isa = PBXFileReference; name = "IonicKeyboard.m"; path = "ionic-plugin-keyboard/IonicKeyboard.m"; sourceTree = "<group>"; fileEncoding = 4; lastKnownFileType = sourcecode.c.objc; explicitFileType = undefined; includeInIndex = 0; };
		F94B11717C4F466D87A78220 /* IonicKeyboard.h */ = {isa = PBXFileReference; name = "IonicKeyboard.h"; path = "ionic-plugin-keyboard/IonicKeyboard.h"; sourceTree = "<group>"; fileEncoding = 4; lastKnownFileType = sourcecode.c.h; explicitFileType = undefined; includeInIndex = 0; };
/* End PBXFileReference section */

/* Begin PBXFrameworksBuildPhase section */
		1D60588F0D05DD3D006BFB54 /* Frameworks */ = {
			isa = PBXFrameworksBuildPhase;
			buildActionMask = 2147483647;
			files = (
				301BF552109A68D80062928A /* libCordova.a in Frameworks */,
				34D9477468F741A59D31E12D /* WebKit.framework in Frameworks */,
				19BABF7FA4724AA99E96A745 /* libz.tbd in Frameworks */,
			);
			runOnlyForDeploymentPostprocessing = 0;
		};
/* End PBXFrameworksBuildPhase section */

/* Begin PBXGroup section */
		080E96DDFE201D6D7F000001 /* Classes */ = {
			isa = PBXGroup;
			children = (
				302D95EE14D2391D003F00A1 /* MainViewController.h */,
				302D95EF14D2391D003F00A1 /* MainViewController.m */,
				302D95F014D2391D003F00A1 /* MainViewController.xib */,
				1D3623240D0F684500981E51 /* AppDelegate.h */,
				1D3623250D0F684500981E51 /* AppDelegate.m */,
			);
			name = Classes;
			path = "Pri Demo/Classes";
			sourceTree = SOURCE_ROOT;
		};
		19C28FACFE9D520D11CA2CBB /* Products */ = {
			isa = PBXGroup;
			children = (
				1D6058910D05DD3D006BFB54 /* Pri Demo.app */,
			);
			name = Products;
			sourceTree = "<group>";
		};
		29B97314FDCFA39411CA2CEA /* CustomTemplate */ = {
			isa = PBXGroup;
			children = (
				EB87FDF41871DAF40020F90C /* config.xml */,
				EB87FDF31871DA8E0020F90C /* www */,
				EB87FDF11871DA420020F90C /* Staging */,
				301BF52D109A57CC0062928A /* CordovaLib.xcodeproj */,
				080E96DDFE201D6D7F000001 /* Classes */,
				307C750510C5A3420062BCA9 /* Plugins */,
				29B97315FDCFA39411CA2CEA /* Other Sources */,
				29B97317FDCFA39411CA2CEA /* Resources */,
				29B97323FDCFA39411CA2CEA /* Frameworks */,
				19C28FACFE9D520D11CA2CBB /* Products */,
			);
			name = CustomTemplate;
			sourceTree = "<group>";
		};
		29B97315FDCFA39411CA2CEA /* Other Sources */ = {
			isa = PBXGroup;
			children = (
				32CA4F630368D1EE00C91783 /* Pri Demo-Prefix.pch */,
				29B97316FDCFA39411CA2CEA /* main.m */,
				ED33DF2A687741AEAF9F8254 /* Bridging-Header.h */,
			);
			name = "Other Sources";
			path = "Pri Demo";
			sourceTree = "<group>";
		};
		29B97317FDCFA39411CA2CEA /* Resources */ = {
			isa = PBXGroup;
			children = (
				0207DA571B56EA530066E2B4 /* Images.xcassets */,
				3047A50E1AB8057F00498E2A /* config */,
				8D1107310486CEB800E47090 /* Pri Demo-Info.plist */,
				6AFF5BF81D6E424B00AB3073 /* CDVLaunchScreen.storyboard */,
			);
			name = Resources;
			path = "Pri Demo/Resources";
			sourceTree = "<group>";
		};
		29B97323FDCFA39411CA2CEA /* Frameworks */ = {
			isa = PBXGroup;
			children = (
				84B9FEF9910C4D488CA19C45 /* WebKit.framework */,
				AFD8DE0834F945DE97E21049 /* libz.tbd */,
			);
			name = Frameworks;
			sourceTree = "<group>";
		};
		301BF52E109A57CC0062928A /* Products */ = {
			isa = PBXGroup;
			children = (
				301BF535109A57CC0062928A /* libCordova.a */,
			);
			name = Products;
			sourceTree = "<group>";
		};
		3047A50E1AB8057F00498E2A /* config */ = {
			isa = PBXGroup;
			children = (
				3047A50F1AB8059700498E2A /* build-debug.xcconfig */,
				3047A5101AB8059700498E2A /* build-release.xcconfig */,
				3047A5111AB8059700498E2A /* build.xcconfig */,
			);
			name = config;
			sourceTree = "<group>";
		};
		307C750510C5A3420062BCA9 /* Plugins */ = {
			isa = PBXGroup;
			children = (
				04BE29BD4CEB4CEE93E88E77 /* CDVDevice.m */,
				1C1096236EAC46DD9BE89B38 /* CDVDevice.h */,
				22DC532DFF114CC68E49E500 /* CDVSplashScreen.m */,
				DFF442FB389747ACAE7220E3 /* CDVViewController+SplashScreen.m */,
				9419E16AC84B40EFA3A2255F /* CDVSplashScreen.h */,
				D11B6D9F51D240D89FAAD89A /* CDVViewController+SplashScreen.h */,
				5D3A5F5E88D847DDA6366A90 /* CDVSplashScreen+IonicDeploy.m */,
				05B661B09F91491AA7F4BF0E /* IonicConstant.m */,
				35144AC4533045C79CB07716 /* IonicDeploy.m */,
				74108BA82379412F8DC35CED /* Download.m */,
				AB05F6F5D8264E8C8AC23AB7 /* DownloadManager.m */,
				893581D442C74EDF99CA8F8B /* SSZipArchive.m */,
				E3473830D1434FDA95FA74CE /* ioapi.c */,
				7C33AAD8C180483B8ED6EE1D /* unzip.c */,
				A7EB6FDC351E4AFAB58EA804 /* zip.c */,
				9C895E7402914F0CA4121B08 /* adler32.c */,
				3571650468F94F4EB0DC6572 /* compress.c */,
				E9D6AF2309B54E0AB99E1FFF /* crc32.c */,
				8FAD60992C3D4CC3A4CCD8FF /* deflate.c */,
				3A9BAC13C9BC42899E81795B /* gzclose.c */,
				378285B61F734D20877C0750 /* gzlib.c */,
				3585D02FFCFE42BDBE77FBF6 /* gzread.c */,
				A5ADFCC811C54B43BA2AC488 /* gzwrite.c */,
				9C22C46700284B95A86FC1CE /* infback.c */,
				E446E162BAD04E16B9C8131C /* inffast.c */,
				F83FDCA4384D4124A572EBE5 /* inflate.c */,
				972158313B684712ACFDF012 /* inftrees.c */,
				BA195424736F4D10B48608B4 /* trees.c */,
				F9FB83C5771E4B3EA44F7B75 /* uncompr.c */,
				2667286196A04AFFAB05A026 /* zutil.c */,
				609C07FE7EEA4CC38C232E65 /* Base64.m */,
				AAE796570ADA45D9B9E2C0EC /* UNIHTTPClientHelper.m */,
				6B9675F62D1542DC9E3F66C7 /* UNIHTTPRequest.m */,
				481F035EF78D45F0A2350014 /* UNIHTTPRequestWithBody.m */,
				FD3EDB78D2224BA0B5D78866 /* UNIRest.m */,
				A2B4C27846AD4A378B5778E0 /* UNIUrlConnection.m */,
				5AA6E33DF1FC470CA0F016D2 /* UNIBaseRequest.m */,
				06719981180D4E018890BFCF /* UNIBodyRequest.m */,
				7528BC21A4634FC6B6898576 /* UNISimpleRequest.m */,
				DA457B4930724EF986E2BD97 /* UNIHTTPBinaryResponse.m */,
				C4FA2204134D428997B904F1 /* UNIHTTPJsonResponse.m */,
				903047D503FF44BCBB3C54C4 /* UNIHTTPResponse.m */,
				4EF3928DE1724F04BCBF881F /* UNIHTTPStringResponse.m */,
				FDFCB2104BEC4070928FE082 /* UNIJsonNode.m */,
				F437F96CECE74027BA422A59 /* IonicCordovaCommon.swift */,
				4C97D1229C5141509EAF195E /* CDVSplashScreen+IonicDeploy.h */,
				E00EFE0B71D24138BAC40529 /* IonicConstant.h */,
				77BDD924F4844A1E8646F58D /* IonicDeploy.h */,
				AC22F2A32EB24CC68944D326 /* Download.h */,
				70A447CB1EB240A28A333B7E /* DownloadManager.h */,
				865609D8D33D4173A1538583 /* SSZipArchive.h */,
				CD6A6EBA87AF4705A7E09E39 /* ARCHelper.h */,
				B8F48B8852FE41C7B6329C39 /* crypt.h */,
				592FF406B1054433A10CEFFB /* ioapi.h */,
				D9B0B3A2F00B492E90FAD2A2 /* unzip.h */,
				2FB0609B93A54E31B4E6E0CD /* zip.h */,
				6CC7265CA3634B71920A59B0 /* crc32.h */,
				C1E331BC64904F3FA5373DC1 /* deflate.h */,
				141CBD00FBD54C9996EA77E8 /* gzguts.h */,
				97F51DBFD988445E81387DFF /* inffast.h */,
				76DFC2C2506B4034898473DE /* inffixed.h */,
				A5EC2BC6275748A8BF723088 /* inflate.h */,
				4E2111BC79A94E9999CF454A /* inftrees.h */,
				53DBF1F28C7C467CB24C6DCB /* trees.h */,
				8E9676B83F7246FF8E437894 /* zconf.h */,
				E86046F9018947FCA350BFB2 /* zlib.h */,
				AB8D434999F04EF58E3C2416 /* zutil.h */,
				7E9D2B7E36ED42958C5F5465 /* Base64.h */,
				2551B4723EEA49998604D8BC /* UNIHTTPClientHelper.h */,
				E17C544390D84151AC720123 /* UNIHTTPRequest.h */,
				84AD0CB77480493899BF521A /* UNIHTTPRequestWithBody.h */,
				573B36FCCC4E46CFB5218B04 /* Unirest-Prefix.pch */,
				52B40F91F3C24C69B4494F28 /* UNIRest.h */,
				87C9E48ACFD74C318FB43F52 /* UNIUrlConnection.h */,
				25C876CABBC4492098F43064 /* UNIBaseRequest.h */,
				445D039D2F384C8598260B1A /* UNIBodyRequest.h */,
				C8D6E7BA39874B9482BC035F /* UNISimpleRequest.h */,
				0B2842844F6A49589C714CD3 /* UNIHTTPBinaryResponse.h */,
				276A7A25C7904929A93B23BD /* UNIHTTPJsonResponse.h */,
				583EDB7A1382413CB990FBD3 /* UNIHTTPResponse.h */,
				B07B13303F4C4E51A5FE12D7 /* UNIHTTPStringResponse.h */,
				4E4F7111E8644EDF8215A08C /* UNIJsonNode.h */,
				A8897D410DC548C8AE63A69A /* CDVWKWebViewEngine.m */,
				32F9EB246D8F442ABBFD2C29 /* CDVWKWebViewUIDelegate.m */,
				31FC91C15848441DB2F10233 /* CDVWKProcessPoolFactory.m */,
				E2D74D1132BB45B785C7D347 /* GCDWebServer.m */,
				1F94C3C2CD1E44ABB51CD5A8 /* GCDWebServerConnection.m */,
				917A5D986BD743EF9AA70C4B /* GCDWebServerFunctions.m */,
				386C6C86001E47738BA73650 /* GCDWebServerRequest.m */,
				B7F32D30D8284CE88D3D82C6 /* GCDWebServerResponse.m */,
				ADE44C56EE06447AA314CD52 /* GCDWebServerDataRequest.m */,
				36FB2F1C70D64FF88D8C1D20 /* GCDWebServerFileRequest.m */,
				D8F3DEB9A9344DBF9C4D7369 /* GCDWebServerMultiPartFormRequest.m */,
				1AFCF0BA2A7244D38E8DDD3B /* GCDWebServerURLEncodedFormRequest.m */,
				23AD95EF087C431AAEE228E2 /* GCDWebServerDataResponse.m */,
				2E350882BED944D2B2873A09 /* GCDWebServerErrorResponse.m */,
				6C0F1982198940899674C8A9 /* GCDWebServerFileResponse.m */,
				3B58DEC53FD442E19E3BDA4E /* GCDWebServerStreamedResponse.m */,
				1DE353501EAF420B92E2B8FE /* CDVWKWebViewEngine.h */,
				98F9DC4F0E91434B97874A4D /* CDVWKWebViewUIDelegate.h */,
				4A2E13B0DAD949F581C9D21B /* CDVWKProcessPoolFactory.h */,
				AD27A3C4A70847248B04DD7A /* GCDWebServer.h */,
				067BE18E49234BD987DDA8D9 /* GCDWebServerConnection.h */,
				5D5DF831FEEC4E4FA0DEBD30 /* GCDWebServerFunctions.h */,
				0571C64DF9334D748A75C3FB /* GCDWebServerHTTPStatusCodes.h */,
				E48D7B0FC03540EC920780E8 /* GCDWebServerPrivate.h */,
				25893BC67DBA41E6B7A1A796 /* GCDWebServerRequest.h */,
				0FF0330795EF41C7A7B787C3 /* GCDWebServerResponse.h */,
				5B2C68773C544BA9BAF7D35C /* GCDWebServerDataRequest.h */,
				5F48927DD428491F8864214B /* GCDWebServerFileRequest.h */,
				F80110CC5C354842B72EAA33 /* GCDWebServerMultiPartFormRequest.h */,
				F74781FC1A4942E381F94671 /* GCDWebServerURLEncodedFormRequest.h */,
				68364ECE1452465E9D18F6C8 /* GCDWebServerDataResponse.h */,
				4832B04954E3408880232B8D /* GCDWebServerErrorResponse.h */,
				53130573AC83479EAE9C4909 /* GCDWebServerFileResponse.h */,
				88E7A904E38949D1AFB1467F /* GCDWebServerStreamedResponse.h */,
				BA3D57FBC75C44F3A56DBB07 /* IonicKeyboard.m */,
				F94B11717C4F466D87A78220 /* IonicKeyboard.h */,
			);
			name = Plugins;
			path = "Pri Demo/Plugins";
			sourceTree = SOURCE_ROOT;
		};
		EB87FDF11871DA420020F90C /* Staging */ = {
			isa = PBXGroup;
			children = (
				F840E1F0165FE0F500CFE078 /* config.xml */,
				301BF56E109A69640062928A /* www */,
			);
			name = Staging;
			sourceTree = "<group>";
		};
/* End PBXGroup section */

/* Begin PBXNativeTarget section */
		1D6058900D05DD3D006BFB54 /* Pri Demo */ = {
			isa = PBXNativeTarget;
			buildConfigurationList = 1D6058960D05DD3E006BFB54 /* Build configuration list for PBXNativeTarget "Pri Demo" */;
			buildPhases = (
				304B58A110DAC018002A0835 /* Copy www directory */,
				1D60588D0D05DD3D006BFB54 /* Resources */,
				1D60588E0D05DD3D006BFB54 /* Sources */,
				1D60588F0D05DD3D006BFB54 /* Frameworks */,
			);
			buildRules = (
			);
			dependencies = (
				301BF551109A68C00062928A /* PBXTargetDependency */,
			);
			name = "Pri Demo";
			productName = "Pri Demo";
			productReference = 1D6058910D05DD3D006BFB54 /* Pri Demo.app */;
			productType = "com.apple.product-type.application";
		};
/* End PBXNativeTarget section */

/* Begin PBXProject section */
		29B97313FDCFA39411CA2CEA /* Project object */ = {
			isa = PBXProject;
			attributes = {
				LastUpgradeCheck = 510;
			};
			buildConfigurationList = C01FCF4E08A954540054247B /* Build configuration list for PBXProject "__NON-CLI__" */;
			compatibilityVersion = "Xcode 3.2";
			developmentRegion = English;
			hasScannedForEncodings = 1;
			mainGroup = 29B97314FDCFA39411CA2CEA /* CustomTemplate */;
			projectDirPath = "";
			projectReferences = (
				{
					ProductGroup = 301BF52E109A57CC0062928A /* Products */;
					ProjectRef = 301BF52D109A57CC0062928A /* CordovaLib.xcodeproj */;
				},
			);
			projectRoot = "";
			targets = (
				1D6058900D05DD3D006BFB54 /* Pri Demo */,
			);
		};
/* End PBXProject section */

/* Begin PBXReferenceProxy section */
		301BF535109A57CC0062928A /* libCordova.a */ = {
			isa = PBXReferenceProxy;
			fileType = archive.ar;
			path = libCordova.a;
			remoteRef = 301BF534109A57CC0062928A /* PBXContainerItemProxy */;
			sourceTree = BUILT_PRODUCTS_DIR;
		};
/* End PBXReferenceProxy section */

/* Begin PBXResourcesBuildPhase section */
		1D60588D0D05DD3D006BFB54 /* Resources */ = {
			isa = PBXResourcesBuildPhase;
			buildActionMask = 2147483647;
			files = (
				302D95F214D2391D003F00A1 /* MainViewController.xib in Resources */,
				0207DA581B56EA530066E2B4 /* Images.xcassets in Resources */,
				6AFF5BF91D6E424B00AB3073 /* CDVLaunchScreen.storyboard in Resources */,
			);
			runOnlyForDeploymentPostprocessing = 0;
		};
/* End PBXResourcesBuildPhase section */

/* Begin PBXShellScriptBuildPhase section */
		304B58A110DAC018002A0835 /* Copy www directory */ = {
			isa = PBXShellScriptBuildPhase;
			buildActionMask = 2147483647;
			files = (
			);
			inputPaths = (
			);
			name = "Copy www directory";
			outputPaths = (
			);
			runOnlyForDeploymentPostprocessing = 0;
			shellPath = /bin/sh;
			shellScript = "NODEJS_PATH=/usr/local/bin; NVM_NODE_PATH=~/.nvm/versions/node/`nvm version 2>/dev/null`/bin; N_NODE_PATH=`find /usr/local/n/versions/node/* -maxdepth 0 -type d 2>/dev/null | tail -1`/bin; XCODE_NODE_PATH=`xcode-select --print-path`/usr/share/xcs/Node/bin; PATH=$NODEJS_PATH:$NVM_NODE_PATH:$N_NODE_PATH:$XCODE_NODE_PATH:$PATH && node cordova/lib/copy-www-build-step.js";
			showEnvVarsInLog = 0;
		};
/* End PBXShellScriptBuildPhase section */

/* Begin PBXSourcesBuildPhase section */
		1D60588E0D05DD3D006BFB54 /* Sources */ = {
			isa = PBXSourcesBuildPhase;
			buildActionMask = 2147483647;
			files = (
				1D60589B0D05DD56006BFB54 /* main.m in Sources */,
				1D3623260D0F684500981E51 /* AppDelegate.m in Sources */,
				302D95F114D2391D003F00A1 /* MainViewController.m in Sources */,
				091FA8A62D4547DA9DE6AEF1 /* CDVDevice.m in Sources */,
				9202FD9CA5FA46219F6C3203 /* CDVSplashScreen.m in Sources */,
				22AFC150EB7A47E4B5CADEB9 /* CDVViewController+SplashScreen.m in Sources */,
				2C6365AA34E9426EA42CEBDA /* CDVSplashScreen+IonicDeploy.m in Sources */,
				1E59992F1BA344C1A7E08260 /* IonicConstant.m in Sources */,
				89B70B74BAC4441795A9037C /* IonicDeploy.m in Sources */,
				A8D54638C83C452980C241DE /* Download.m in Sources */,
				FE701B44398D4BF6A84AB7A1 /* DownloadManager.m in Sources */,
				A855C5664F954F1FA5EBC082 /* SSZipArchive.m in Sources */,
				3BFDBBBCFE4C49F8B2A21215 /* ioapi.c in Resources */,
				9CEFD74066114B059C4D0F02 /* unzip.c in Resources */,
				E6BAB9961E0A4F6FA1DF9511 /* zip.c in Resources */,
				A4C2C42599414C35881B98FC /* adler32.c in Resources */,
				E10EEC940A964BCCBA4C585B /* compress.c in Resources */,
				66E9D73B9E4743F89BC39858 /* crc32.c in Resources */,
				CEDAC6BB963A4230B29B4007 /* deflate.c in Resources */,
				E61A48A78E664FD08504994D /* gzclose.c in Resources */,
				35E76555DF8B42239AE1C37F /* gzlib.c in Resources */,
				FFDAD7E1578A4BEDA07BDFA8 /* gzread.c in Resources */,
				F328F3F01E214AAE8AC30B11 /* gzwrite.c in Resources */,
				EDC3B18A94FD4BFF83BF4E4F /* infback.c in Resources */,
				3C88E5874A7448CF9159FC2C /* inffast.c in Resources */,
				3ADC6F526D32419A8690CE0B /* inflate.c in Resources */,
				6A7E9BEFFDA5446D902E1B19 /* inftrees.c in Resources */,
				8883E0BBAC8C44158C54D0D7 /* trees.c in Resources */,
				307314DBD8454D2E84F07A76 /* uncompr.c in Resources */,
				CEE542AFBF4E4027BB19B5A6 /* zutil.c in Resources */,
				A09C31FA0F7C4CD798F69953 /* Base64.m in Sources */,
				B534A104D16F4E06B6E5685E /* UNIHTTPClientHelper.m in Sources */,
				B9D657EDE7A64D98B6858E0B /* UNIHTTPRequest.m in Sources */,
				BE88B45BF2AA4FC18B5D8716 /* UNIHTTPRequestWithBody.m in Sources */,
				2CF978F6945148A8B3A04334 /* UNIRest.m in Sources */,
				AAAA0D4B0DF0480E90E1D663 /* UNIUrlConnection.m in Sources */,
				A0CDA546D64A4ECD91F7AE79 /* UNIBaseRequest.m in Sources */,
				4EB64C7E84834A80AF7C2492 /* UNIBodyRequest.m in Sources */,
				010F39C56B304CA389C7C249 /* UNISimpleRequest.m in Sources */,
				A9B1395BFD3F43EC8798A393 /* UNIHTTPBinaryResponse.m in Sources */,
				B775E3BBB1E046D785A30834 /* UNIHTTPJsonResponse.m in Sources */,
				D882A8E8393A466F9B297CF0 /* UNIHTTPResponse.m in Sources */,
				9ECFC574B19C450781159340 /* UNIHTTPStringResponse.m in Sources */,
				5C4F272F88EE4B708FF8E266 /* UNIJsonNode.m in Sources */,
				AD4D23988BAC4604B5167EAC /* IonicCordovaCommon.swift in Sources */,
				13F7BC0B6A6F449E8EB97E12 /* CDVWKWebViewEngine.m in Sources */,
				86CF009C285B418DA08E3A77 /* CDVWKWebViewUIDelegate.m in Sources */,
				0894751E819E44C5B0655283 /* CDVWKProcessPoolFactory.m in Sources */,
				47FFC520931845A9806B0834 /* GCDWebServer.m in Sources */,
				8862919B3B10441D8B1BAD68 /* GCDWebServerConnection.m in Sources */,
				2557128780BD4B5C846FFBD2 /* GCDWebServerFunctions.m in Sources */,
				6CD3C9701D9D425E9E71EF6B /* GCDWebServerRequest.m in Sources */,
				F13142B9EE04457CB3CF64C1 /* GCDWebServerResponse.m in Sources */,
				96DD5788AAA14CB3BBDE9AAD /* GCDWebServerDataRequest.m in Sources */,
				6BA9C2008ACD44198AB63F0F /* GCDWebServerFileRequest.m in Sources */,
				BE1F63B015B54203B3E9302C /* GCDWebServerMultiPartFormRequest.m in Sources */,
				46C78D9CC1A542DBB20975A9 /* GCDWebServerURLEncodedFormRequest.m in Sources */,
				585603704A3C4868BBBB664A /* GCDWebServerDataResponse.m in Sources */,
				89FBA5C7D75E427884F8E99B /* GCDWebServerErrorResponse.m in Sources */,
				72434907A6484CBE8D0C60C2 /* GCDWebServerFileResponse.m in Sources */,
				33676805391942E5B03224D1 /* GCDWebServerStreamedResponse.m in Sources */,
				63F88FE0784641938C3E4571 /* IonicKeyboard.m in Sources */,
			);
			runOnlyForDeploymentPostprocessing = 0;
		};
/* End PBXSourcesBuildPhase section */

/* Begin PBXTargetDependency section */
		301BF551109A68C00062928A /* PBXTargetDependency */ = {
			isa = PBXTargetDependency;
			name = CordovaLib;
			targetProxy = 301BF550109A68C00062928A /* PBXContainerItemProxy */;
		};
/* End PBXTargetDependency section */

/* Begin XCBuildConfiguration section */
		1D6058940D05DD3E006BFB54 /* Debug */ = {
			isa = XCBuildConfiguration;
			baseConfigurationReference = 3047A50F1AB8059700498E2A /* build-debug.xcconfig */;
			buildSettings = {
				ALWAYS_SEARCH_USER_PATHS = NO;
				ASSETCATALOG_COMPILER_APPICON_NAME = AppIcon;
				ASSETCATALOG_COMPILER_LAUNCHIMAGE_NAME = LaunchImage;
				CLANG_ENABLE_MODULES = YES;
				CLANG_ENABLE_OBJC_ARC = YES;
				COPY_PHASE_STRIP = NO;
				GCC_DYNAMIC_NO_PIC = NO;
				GCC_OPTIMIZATION_LEVEL = 0;
				GCC_PRECOMPILE_PREFIX_HEADER = YES;
				GCC_PREFIX_HEADER = "Pri Demo/Pri Demo-Prefix.pch";
				GCC_THUMB_SUPPORT = NO;
				GCC_VERSION = "";
				INFOPLIST_FILE = "Pri Demo/Pri Demo-Info.plist";
				IPHONEOS_DEPLOYMENT_TARGET = 9.0;
				LD_RUNPATH_SEARCH_PATHS = "@executable_path/Frameworks";
				TARGETED_DEVICE_FAMILY = "1,2";
				PRODUCT_NAME = "Pri Demo";
				SWIFT_OBJC_BRIDGING_HEADER = "$(PROJECT_DIR)/$(PROJECT_NAME)/Bridging-Header.h";
				ALWAYS_EMBED_SWIFT_STANDARD_LIBRARIES = YES;
				SWIFT_VERSION = 3.0;
				SWIFT_OPTIMIZATION_LEVEL = "-Onone";
			};
			name = Debug;
		};
		1D6058950D05DD3E006BFB54 /* Release */ = {
			isa = XCBuildConfiguration;
			baseConfigurationReference = 3047A5101AB8059700498E2A /* build-release.xcconfig */;
			buildSettings = {
				ALWAYS_SEARCH_USER_PATHS = NO;
				ASSETCATALOG_COMPILER_APPICON_NAME = AppIcon;
				ASSETCATALOG_COMPILER_LAUNCHIMAGE_NAME = LaunchImage;
				CLANG_ENABLE_MODULES = YES;
				CLANG_ENABLE_OBJC_ARC = YES;
				COPY_PHASE_STRIP = YES;
				GCC_PRECOMPILE_PREFIX_HEADER = YES;
				GCC_PREFIX_HEADER = "Pri Demo/Pri Demo-Prefix.pch";
				GCC_THUMB_SUPPORT = NO;
				GCC_VERSION = "";
				INFOPLIST_FILE = "Pri Demo/Pri Demo-Info.plist";
				IPHONEOS_DEPLOYMENT_TARGET = 9.0;
				LD_RUNPATH_SEARCH_PATHS = "@executable_path/Frameworks";
				TARGETED_DEVICE_FAMILY = "1,2";
				PRODUCT_NAME = "Pri Demo";
				SWIFT_OBJC_BRIDGING_HEADER = "$(PROJECT_DIR)/$(PROJECT_NAME)/Bridging-Header.h";
				ALWAYS_EMBED_SWIFT_STANDARD_LIBRARIES = YES;
				SWIFT_VERSION = 3.0;
			};
			name = Release;
		};
		C01FCF4F08A954540054247B /* Debug */ = {
			isa = XCBuildConfiguration;
			baseConfigurationReference = 3047A5111AB8059700498E2A /* build.xcconfig */;
			buildSettings = {
				CLANG_ENABLE_MODULES = YES;
				CLANG_ENABLE_OBJC_ARC = YES;
				CLANG_WARN_BOOL_CONVERSION = YES;
				CLANG_WARN_CONSTANT_CONVERSION = YES;
				CLANG_WARN_EMPTY_BODY = YES;
				CLANG_WARN_ENUM_CONVERSION = YES;
				CLANG_WARN_INT_CONVERSION = YES;
				CLANG_WARN__DUPLICATE_METHOD_MATCH = YES;
				GCC_C_LANGUAGE_STANDARD = c99;
				GCC_THUMB_SUPPORT = NO;
				GCC_VERSION = "";
				GCC_WARN_ABOUT_RETURN_TYPE = YES;
				GCC_WARN_UNDECLARED_SELECTOR = YES;
				GCC_WARN_UNINITIALIZED_AUTOS = YES;
				GCC_WARN_UNUSED_FUNCTION = YES;
				GCC_WARN_UNUSED_VARIABLE = YES;
				ONLY_ACTIVE_ARCH = YES;
				SDKROOT = iphoneos;
				SKIP_INSTALL = NO;
				SWIFT_OBJC_BRIDGING_HEADER = "$(PROJECT_DIR)/$(PROJECT_NAME)/Bridging-Header.h";
				ALWAYS_EMBED_SWIFT_STANDARD_LIBRARIES = YES;
				SWIFT_VERSION = 3.0;
				SWIFT_OPTIMIZATION_LEVEL = "-Onone";
			};
			name = Debug;
		};
		C01FCF5008A954540054247B /* Release */ = {
			isa = XCBuildConfiguration;
			baseConfigurationReference = 3047A5111AB8059700498E2A /* build.xcconfig */;
			buildSettings = {
				CLANG_ENABLE_MODULES = YES;
				CLANG_ENABLE_OBJC_ARC = YES;
				CLANG_WARN_BOOL_CONVERSION = YES;
				CLANG_WARN_CONSTANT_CONVERSION = YES;
				CLANG_WARN_EMPTY_BODY = YES;
				CLANG_WARN_ENUM_CONVERSION = YES;
				CLANG_WARN_INT_CONVERSION = YES;
				CLANG_WARN__DUPLICATE_METHOD_MATCH = YES;
				GCC_C_LANGUAGE_STANDARD = c99;
				GCC_THUMB_SUPPORT = NO;
				GCC_VERSION = "";
				GCC_WARN_ABOUT_RETURN_TYPE = YES;
				GCC_WARN_UNDECLARED_SELECTOR = YES;
				GCC_WARN_UNINITIALIZED_AUTOS = YES;
				GCC_WARN_UNUSED_FUNCTION = YES;
				GCC_WARN_UNUSED_VARIABLE = YES;
				SDKROOT = iphoneos;
				SKIP_INSTALL = NO;
				SWIFT_OBJC_BRIDGING_HEADER = "$(PROJECT_DIR)/$(PROJECT_NAME)/Bridging-Header.h";
				ALWAYS_EMBED_SWIFT_STANDARD_LIBRARIES = YES;
				SWIFT_VERSION = 3.0;
			};
			name = Release;
		};
/* End XCBuildConfiguration section */

/* Begin XCConfigurationList section */
		1D6058960D05DD3E006BFB54 /* Build configuration list for PBXNativeTarget "Pri Demo" */ = {
			isa = XCConfigurationList;
			buildConfigurations = (
				1D6058940D05DD3E006BFB54 /* Debug */,
				1D6058950D05DD3E006BFB54 /* Release */,
			);
			defaultConfigurationIsVisible = 0;
			defaultConfigurationName = Release;
		};
		C01FCF4E08A954540054247B /* Build configuration list for PBXProject "__NON-CLI__" */ = {
			isa = XCConfigurationList;
			buildConfigurations = (
				C01FCF4F08A954540054247B /* Debug */,
				C01FCF5008A954540054247B /* Release */,
			);
			defaultConfigurationIsVisible = 0;
			defaultConfigurationName = Release;
		};
/* End XCConfigurationList section */
	};
	rootObject = 29B97313FDCFA39411CA2CEA /* Project object */;
}
